
Microsoft Visual Studio Solution File, Format Version 12.00
# Visual Studio Version 17
VisualStudioVersion = 17.14.36221.1
MinimumVisualStudioVersion = 10.0.40219.1
Project("{FAE04EC0-301F-11D3-BF4B-00C04F79EFBC}") = "MyProjects.Tests", "MyProjects.Tests\MyProjects.Tests.csproj", "{6E536710-5654-42C4-9F22-DF524CA4E736}"
EndProject
Project("{FAE04EC0-301F-11D3-BF4B-00C04F79EFBC}") = "TelegramBotApp", "TelegramBotApp\TelegramBotApp.csproj", "{2830A551-1A33-4018-AB86-142379B6D112}"
EndProject
Project("{2150E333-8FDC-42A3-9474-1A3956D46DE8}") = "Solution Items", "Solution Items", "{8EC462FD-D22E-90A8-E5CE-7E832BA40C5D}"
	ProjectSection(SolutionItems) = preProject
		README.md = README.md
		.gitignore = .gitignore
	EndProjectSection
EndProject
Global
	GlobalSection(SolutionConfigurationPlatforms) = preSolution
		Debug|Any CPU = Debug|Any CPU
		Release|Any CPU = Release|Any CPU
	EndGlobalSection
	GlobalSection(ProjectConfigurationPlatforms) = postSolution
		{6E536710-5654-42C4-9F22-DF524CA4E736}.Debug|Any CPU.ActiveCfg = Debug|Any CPU
		{6E536710-5654-42C4-9F22-DF524CA4E736}.Debug|Any CPU.Build.0 = Debug|Any CPU
		{6E536710-5654-42C4-9F22-DF524CA4E736}.Release|Any CPU.ActiveCfg = Release|Any CPU
		{6E536710-5654-42C4-9F22-DF524CA4E736}.Release|Any CPU.Build.0 = Release|Any CPU
		{2830A551-1A33-4018-AB86-142379B6D112}.Debug|Any CPU.ActiveCfg = Debug|Any CPU
		{2830A551-1A33-4018-AB86-142379B6D112}.Debug|Any CPU.Build.0 = Debug|Any CPU
		{2830A551-1A33-4018-AB86-142379B6D112}.Release|Any CPU.ActiveCfg = Release|Any CPU
		{2830A551-1A33-4018-AB86-142379B6D112}.Release|Any CPU.Build.0 = Release|Any CPU
	EndGlobalSection
	GlobalSection(SolutionProperties) = preSolution
		HideSolutionNode = FALSE
	EndGlobalSection
	GlobalSection(ExtensibilityGlobals) = postSolution
		SolutionGuid = {3B29625F-0F18-47A3-ADEC-1C74F7AB1524}
	EndGlobalSection
EndGlobal
